
Microsoft Visual Studio Solution File, Format Version 12.00
# Visual Studio Version 17
VisualStudioVersion = 17.1.32210.238
MinimumVisualStudioVersion = 10.0.40219.1
Project("{FAE04EC0-301F-11D3-BF4B-00C04F79EFBC}") = "cp_7", "cp_7.csproj", "{14D71080-E6DA-41D3-B765-22277AF8B0BE}"
EndProject
Global
	GlobalSection(SolutionConfigurationPlatforms) = preSolution
		Debug|Any CPU = Debug|Any CPU
		Release|Any CPU = Release|Any CPU
	EndGlobalSection
	GlobalSection(ProjectConfigurationPlatforms) = postSolution
		{14D71080-E6DA-41D3-B765-22277AF8B0BE}.Debug|Any CPU.ActiveCfg = Debug|Any CPU
		{14D71080-E6DA-41D3-B765-22277AF8B0BE}.Debug|Any CPU.Build.0 = Debug|Any CPU
		{14D71080-E6DA-41D3-B765-22277AF8B0BE}.Release|Any CPU.ActiveCfg = Release|Any CPU
		{14D71080-E6DA-41D3-B765-22277AF8B0BE}.Release|Any CPU.Build.0 = Release|Any CPU
	EndGlobalSection
	GlobalSection(SolutionProperties) = preSolution
		HideSolutionNode = FALSE
	EndGlobalSection
	GlobalSection(ExtensibilityGlobals) = postSolution
		SolutionGuid = {27C7E1AC-7C88-4ED3-B702-E6747029D6A3}
	EndGlobalSection
EndGlobal
